
Microsoft Visual Studio Solution File, Format Version 12.00
# Visual Studio Version 16
VisualStudioVersion = 16.0.31702.278
MinimumVisualStudioVersion = 10.0.40219.1
Project("{FAE04EC0-301F-11D3-BF4B-00C04F79EFBC}") = "ServerConfigForm-P5-048", "ServerConfigForm-P5-048\ServerConfigForm-P5-048.csproj", "{4F10F7D6-F487-42ED-8B45-E658BCE83F00}"
EndProject
Global
	GlobalSection(SolutionConfigurationPlatforms) = preSolution
		Debug|Any CPU = Debug|Any CPU
		Release|Any CPU = Release|Any CPU
	EndGlobalSection
	GlobalSection(ProjectConfigurationPlatforms) = postSolution
		{4F10F7D6-F487-42ED-8B45-E658BCE83F00}.Debug|Any CPU.ActiveCfg = Debug|Any CPU
		{4F10F7D6-F487-42ED-8B45-E658BCE83F00}.Debug|Any CPU.Build.0 = Debug|Any CPU
		{4F10F7D6-F487-42ED-8B45-E658BCE83F00}.Release|Any CPU.ActiveCfg = Release|Any CPU
		{4F10F7D6-F487-42ED-8B45-E658BCE83F00}.Release|Any CPU.Build.0 = Release|Any CPU
	EndGlobalSection
	GlobalSection(SolutionProperties) = preSolution
		HideSolutionNode = FALSE
	EndGlobalSection
	GlobalSection(ExtensibilityGlobals) = postSolution
		SolutionGuid = {B05A5DAE-D54C-403E-8F33-7654C374F242}
	EndGlobalSection
EndGlobal
